// !$*UTF8*$!
{
	archiveVersion = 1;
	classes = {
	};
	objectVersion = 50;
	objects = {

/* Begin PBXBuildFile section */
		AD02AF9222703F330043BF9A /* AppDelegate.m in Sources */ = {isa = PBXBuildFile; fileRef = AD02AF9122703F330043BF9A /* AppDelegate.m */; };
		AD02AF9522703F330043BF9A /* ViewController.m in Sources */ = {isa = PBXBuildFile; fileRef = AD02AF9422703F330043BF9A /* ViewController.m */; };
		AD02AF9822703F330043BF9A /* Main.storyboard in Resources */ = {isa = PBXBuildFile; fileRef = AD02AF9622703F330043BF9A /* Main.storyboard */; };
		AD02AF9A22703F350043BF9A /* Assets.xcassets in Resources */ = {isa = PBXBuildFile; fileRef = AD02AF9922703F350043BF9A /* Assets.xcassets */; };
		AD02AF9D22703F350043BF9A /* LaunchScreen.storyboard in Resources */ = {isa = PBXBuildFile; fileRef = AD02AF9B22703F350043BF9A /* LaunchScreen.storyboard */; };
		AD02AFA022703F350043BF9A /* main.m in Sources */ = {isa = PBXBuildFile; fileRef = AD02AF9F22703F350043BF9A /* main.m */; };
		AD02AFA922703F4E0043BF9A /* GJAppVersion.m in Sources */ = {isa = PBXBuildFile; fileRef = AD02AFA822703F4E0043BF9A /* GJAppVersion.m */; };
/* End PBXBuildFile section */

/* Begin PBXFileReference section */
		AD02AF8D22703F330043BF9A /* GJAppVersion.app */ = {isa = PBXFileReference; explicitFileType = wrapper.application; includeInIndex = 0; path = GJAppVersion.app; sourceTree = BUILT_PRODUCTS_DIR; };
		AD02AF9022703F330043BF9A /* AppDelegate.h */ = {isa = PBXFileReference; lastKnownFileType = sourcecode.c.h; path = AppDelegate.h; sourceTree = "<group>"; };
		AD02AF9122703F330043BF9A /* AppDelegate.m */ = {isa = PBXFileReference; lastKnownFileType = sourcecode.c.objc; path = AppDelegate.m; sourceTree = "<group>"; };
		AD02AF9322703F330043BF9A /* ViewController.h */ = {isa = PBXFileReference; lastKnownFileType = sourcecode.c.h; path = ViewController.h; sourceTree = "<group>"; };
		AD02AF9422703F330043BF9A /* ViewController.m */ = {isa = PBXFileReference; lastKnownFileType = sourcecode.c.objc; path = ViewController.m; sourceTree = "<group>"; };
		AD02AF9722703F330043BF9A /* Base */ = {isa = PBXFileReference; lastKnownFileType = file.storyboard; name = Base; path = Base.lproj/Main.storyboard; sourceTree = "<group>"; };
		AD02AF9922703F350043BF9A /* Assets.xcassets */ = {isa = PBXFileReference; lastKnownFileType = folder.assetcatalog; path = Assets.xcassets; sourceTree = "<group>"; };
		AD02AF9C22703F350043BF9A /* Base */ = {isa = PBXFileReference; lastKnownFileType = file.storyboard; name = Base; path = Base.lproj/LaunchScreen.storyboard; sourceTree = "<group>"; };
		AD02AF9E22703F350043BF9A /* Info.plist */ = {isa = PBXFileReference; lastKnownFileType = text.plist.xml; path = Info.plist; sourceTree = "<group>"; };
		AD02AF9F22703F350043BF9A /* main.m */ = {isa = PBXFileReference; lastKnownFileType = sourcecode.c.objc; path = main.m; sourceTree = "<group>"; };
		AD02AFA722703F4E0043BF9A /* GJAppVersion.h */ = {isa = PBXFileReference; fileEncoding = 4; lastKnownFileType = sourcecode.c.h; path = GJAppVersion.h; sourceTree = "<group>"; };
		AD02AFA822703F4E0043BF9A /* GJAppVersion.m */ = {isa = PBXFileReference; fileEncoding = 4; lastKnownFileType = sourcecode.c.objc; path = GJAppVersion.m; sourceTree = "<group>"; };
/* End PBXFileReference section */

/* Begin PBXFrameworksBuildPhase section */
		AD02AF8A22703F330043BF9A /* Frameworks */ = {
			isa = PBXFrameworksBuildPhase;
			buildActionMask = 2147483647;
			files = (
			);
			runOnlyForDeploymentPostprocessing = 0;
		};
/* End PBXFrameworksBuildPhase section */

/* Begin PBXGroup section */
		AD02AF8422703F330043BF9A = {
			isa = PBXGroup;
			children = (
				AD02AF8F22703F330043BF9A /* GJAppVersion */,
				AD02AF8E22703F330043BF9A /* Products */,
			);
			sourceTree = "<group>";
		};
		AD02AF8E22703F330043BF9A /* Products */ = {
			isa = PBXGroup;
			children = (
				AD02AF8D22703F330043BF9A /* GJAppVersion.app */,
			);
			name = Products;
			sourceTree = "<group>";
		};
		AD02AF8F22703F330043BF9A /* GJAppVersion */ = {
			isa = PBXGroup;
			children = (
				AD02AFA622703F4E0043BF9A /* Resouce */,
				AD02AF9022703F330043BF9A /* AppDelegate.h */,
				AD02AF9122703F330043BF9A /* AppDelegate.m */,
				AD02AF9322703F330043BF9A /* ViewController.h */,
				AD02AF9422703F330043BF9A /* ViewController.m */,
				AD02AF9622703F330043BF9A /* Main.storyboard */,
				AD02AF9922703F350043BF9A /* Assets.xcassets */,
				AD02AF9B22703F350043BF9A /* LaunchScreen.storyboard */,
				AD02AF9E22703F350043BF9A /* Info.plist */,
				AD02AF9F22703F350043BF9A /* main.m */,
			);
			path = GJAppVersion;
			sourceTree = "<group>";
		};
		AD02AFA622703F4E0043BF9A /* Resouce */ = {
			isa = PBXGroup;
			children = (
				AD02AFA722703F4E0043BF9A /* GJAppVersion.h */,
				AD02AFA822703F4E0043BF9A /* GJAppVersion.m */,
			);
			path = Resouce;
			sourceTree = "<group>";
		};
/* End PBXGroup section */

/* Begin PBXNativeTarget section */
		AD02AF8C22703F330043BF9A /* GJAppVersion */ = {
			isa = PBXNativeTarget;
			buildConfigurationList = AD02AFA322703F350043BF9A /* Build configuration list for PBXNativeTarget "GJAppVersion" */;
			buildPhases = (
				AD02AF8922703F330043BF9A /* Sources */,
				AD02AF8A22703F330043BF9A /* Frameworks */,
				AD02AF8B22703F330043BF9A /* Resources */,
			);
			buildRules = (
			);
			dependencies = (
			);
			name = GJAppVersion;
			productName = GJAppVersion;
			productReference = AD02AF8D22703F330043BF9A /* GJAppVersion.app */;
			productType = "com.apple.product-type.application";
		};
/* End PBXNativeTarget section */

/* Begin PBXProject section */
		AD02AF8522703F330043BF9A /* Project object */ = {
			isa = PBXProject;
			attributes = {
				LastUpgradeCheck = 1010;
				ORGANIZATIONNAME = gejiangs;
				TargetAttributes = {
					AD02AF8C22703F330043BF9A = {
						CreatedOnToolsVersion = 10.1;
					};
				};
			};
			buildConfigurationList = AD02AF8822703F330043BF9A /* Build configuration list for PBXProject "GJAppVersion" */;
			compatibilityVersion = "Xcode 9.3";
			developmentRegion = en;
			hasScannedForEncodings = 0;
			knownRegions = (
				en,
				Base,
			);
			mainGroup = AD02AF8422703F330043BF9A;
			productRefGroup = AD02AF8E22703F330043BF9A /* Products */;
			projectDirPath = "";
			projectRoot = "";
			targets = (
				AD02AF8C22703F330043BF9A /* GJAppVersion */,
			);
		};
/* End PBXProject section */

/* Begin PBXResourcesBuildPhase section */
		AD02AF8B22703F330043BF9A /* Resources */ = {
			isa = PBXResourcesBuildPhase;
			buildActionMask = 2147483647;
			files = (
				AD02AF9D22703F350043BF9A /* LaunchScreen.storyboard in Resources */,
				AD02AF9A22703F350043BF9A /* Assets.xcassets in Resources */,
				AD02AF9822703F330043BF9A /* Main.storyboard in Resources */,
			);
			runOnlyForDeploymentPostprocessing = 0;
		};
/* End PBXResourcesBuildPhase section */

/* Begin PBXSourcesBuildPhase section */
		AD02AF8922703F330043BF9A /* Sources */ = {
			isa = PBXSourcesBuildPhase;
			buildActionMask = 2147483647;
			files = (
				AD02AF9522703F330043BF9A /* ViewController.m in Sources */,
				AD02AFA922703F4E0043BF9A /* GJAppVersion.m in Sources */,
				AD02AFA022703F350043BF9A /* main.m in Sources */,
				AD02AF9222703F330043BF9A /* AppDelegate.m in Sources */,
			);
			runOnlyForDeploymentPostprocessing = 0;
		};
/* End PBXSourcesBuildPhase section */

/* Begin PBXVariantGroup section */
		AD02AF9622703F330043BF9A /* Main.storyboard */ = {
			isa = PBXVariantGroup;
			children = (
				AD02AF9722703F330043BF9A /* Base */,
			);
			name = Main.storyboard;
			sourceTree = "<group>";
		};
		AD02AF9B22703F350043BF9A /* LaunchScreen.storyboard */ = {
			isa = PBXVariantGroup;
			children = (
				AD02AF9C22703F350043BF9A /* Base */,
			);
			name = LaunchScreen.storyboard;
			sourceTree = "<group>";
		};
/* End PBXVariantGroup section */

/* Begin XCBuildConfiguration section */
		AD02AFA122703F350043BF9A /* Debug */ = {
			isa = XCBuildConfiguration;
			buildSettings = {
				ALWAYS_SEARCH_USER_PATHS = NO;
				CLANG_ANALYZER_NONNULL = YES;
				CLANG_ANALYZER_NUMBER_OBJECT_CONVERSION = YES_AGGRESSIVE;
				CLANG_CXX_LANGUAGE_STANDARD = "gnu++14";
				CLANG_CXX_LIBRARY = "libc++";
				CLANG_ENABLE_MODULES = YES;
				CLANG_ENABLE_OBJC_ARC = YES;
				CLANG_ENABLE_OBJC_WEAK = YES;
				CLANG_WARN_BLOCK_CAPTURE_AUTORELEASING = YES;
				CLANG_WARN_BOOL_CONVERSION = YES;
				CLANG_WARN_COMMA = YES;
				CLANG_WARN_CONSTANT_CONVERSION = YES;
				CLANG_WARN_DEPRECATED_OBJC_IMPLEMENTATIONS = YES;
				CLANG_WARN_DIRECT_OBJC_ISA_USAGE = YES_ERROR;
				CLANG_WARN_DOCUMENTATION_COMMENTS = YES;
				CLANG_WARN_EMPTY_BODY = YES;
				CLANG_WARN_ENUM_CONVERSION = YES;
				CLANG_WARN_INFINITE_RECURSION = YES;
				CLANG_WARN_INT_CONVERSION = YES;
				CLANG_WARN_NON_LITERAL_NULL_CONVERSION = YES;
				CLANG_WARN_OBJC_IMPLICIT_RETAIN_SELF = YES;
				CLANG_WARN_OBJC_LITERAL_CONVERSION = YES;
				CLANG_WARN_OBJC_ROOT_CLASS = YES_ERROR;
				CLANG_WARN_RANGE_LOOP_ANALYSIS = YES;
				CLANG_WARN_STRICT_PROTOTYPES = YES;
				CLANG_WARN_SUSPICIOUS_MOVE = YES;
				CLANG_WARN_UNGUARDED_AVAILABILITY = YES_AGGRESSIVE;
				CLANG_WARN_UNREACHABLE_CODE = YES;
				CLANG_WARN__DUPLICATE_METHOD_MATCH = YES;
				CODE_SIGN_IDENTITY = "iPhone Developer";
				COPY_PHASE_STRIP = NO;
				DEBUG_INFORMATION_FORMAT = dwarf;
				ENABLE_STRICT_OBJC_MSGSEND = YES;
				ENABLE_TESTABILITY = YES;
				GCC_C_LANGUAGE_STANDARD = gnu11;
				GCC_DYNAMIC_NO_PIC = NO;
				GCC_NO_COMMON_BLOCKS = YES;
				GCC_OPTIMIZATION_LEVEL = 0;
				GCC_PREPROCESSOR_DEFINITIONS = (
					"DEBUG=1",
					"$(inherited)",
				);
				GCC_WARN_64_TO_32_BIT_CONVERSION = YES;
				GCC_WARN_ABOUT_RETURN_TYPE = YES_ERROR;
				GCC_WARN_UNDECLARED_SELECTOR = YES;
				GCC_WARN_UNINITIALIZED_AUTOS = YES_AGGRESSIVE;
				GCC_WARN_UNUSED_FUNCTION = YES;
				GCC_WARN_UNUSED_VARIABLE = YES;
				IPHONEOS_DEPLOYMENT_TARGET = 12.1;
				MTL_ENABLE_DEBUG_INFO = INCLUDE_SOURCE;
				MTL_FAST_MATH = YES;
				ONLY_ACTIVE_ARCH = YES;
				SDKROOT = iphoneos;
			};
			name = Debug;
		};
		AD02AFA222703F350043BF9A /* Release */ = {
			isa = XCBuildConfiguration;
			buildSettings = {
				ALWAYS_SEARCH_USER_PATHS = NO;
				CLANG_ANALYZER_NONNULL = YES;
				CLANG_ANALYZER_NUMBER_OBJECT_CONVERSION = YES_AGGRESSIVE;
				CLANG_CXX_LANGUAGE_STANDARD = "gnu++14";
				CLANG_CXX_LIBRARY = "libc++";
				CLANG_ENABLE_MODULES = YES;
				CLANG_ENABLE_OBJC_ARC = YES;
				CLANG_ENABLE_OBJC_WEAK = YES;
				CLANG_WARN_BLOCK_CAPTURE_AUTORELEASING = YES;
				CLANG_WARN_BOOL_CONVERSION = YES;
				CLANG_WARN_COMMA = YES;
				CLANG_WARN_CONSTANT_CONVERSION = YES;
				CLANG_WARN_DEPRECATED_OBJC_IMPLEMENTATIONS = YES;
				CLANG_WARN_DIRECT_OBJC_ISA_USAGE = YES_ERROR;
				CLANG_WARN_DOCUMENTATION_COMMENTS = YES;
				CLANG_WARN_EMPTY_BODY = YES;
				CLANG_WARN_ENUM_CONVERSION = YES;
				CLANG_WARN_INFINITE_RECURSION = YES;
				CLANG_WARN_INT_CONVERSION = YES;
				CLANG_WARN_NON_LITERAL_NULL_CONVERSION = YES;
				CLANG_WARN_OBJC_IMPLICIT_RETAIN_SELF = YES;
				CLANG_WARN_OBJC_LITERAL_CONVERSION = YES;
				CLANG_WARN_OBJC_ROOT_CLASS = YES_ERROR;
				CLANG_WARN_RANGE_LOOP_ANALYSIS = YES;
				CLANG_WARN_STRICT_PROTOTYPES = YES;
				CLANG_WARN_SUSPICIOUS_MOVE = YES;
				CLANG_WARN_UNGUARDED_AVAILABILITY = YES_AGGRESSIVE;
				CLANG_WARN_UNREACHABLE_CODE = YES;
				CLANG_WARN__DUPLICATE_METHOD_MATCH = YES;
				CODE_SIGN_IDENTITY = "iPhone Developer";
				COPY_PHASE_STRIP = NO;
				DEBUG_INFORMATION_FORMAT = "dwarf-with-dsym";
				ENABLE_NS_ASSERTIONS = NO;
				ENABLE_STRICT_OBJC_MSGSEND = YES;
				GCC_C_LANGUAGE_STANDARD = gnu11;
				GCC_NO_COMMON_BLOCKS = YES;
				GCC_WARN_64_TO_32_BIT_CONVERSION = YES;
				GCC_WARN_ABOUT_RETURN_TYPE = YES_ERROR;
				GCC_WARN_UNDECLARED_SELECTOR = YES;
				GCC_WARN_UNINITIALIZED_AUTOS = YES_AGGRESSIVE;
				GCC_WARN_UNUSED_FUNCTION = YES;
				GCC_WARN_UNUSED_VARIABLE = YES;
				IPHONEOS_DEPLOYMENT_TARGET = 12.1;
				MTL_ENABLE_DEBUG_INFO = NO;
				MTL_FAST_MATH = YES;
				SDKROOT = iphoneos;
				VALIDATE_PRODUCT = YES;
			};
			name = Release;
		};
		AD02AFA422703F350043BF9A /* Debug */ = {
			isa = XCBuildConfiguration;
			buildSettings = {
				ASSETCATALOG_COMPILER_APPICON_NAME = AppIcon;
				CODE_SIGN_STYLE = Automatic;
				DEVELOPMENT_TEAM = KZP9CL2A5P;
				INFOPLIST_FILE = GJAppVersion/Info.plist;
				IPHONEOS_DEPLOYMENT_TARGET = 8.0;
				LD_RUNPATH_SEARCH_PATHS = (
					"$(inherited)",
					"@executable_path/Frameworks",
				);
				PRODUCT_BUNDLE_IDENTIFIER = com.gejiangs.GJAppVersion;
				PRODUCT_NAME = "$(TARGET_NAME)";
				TARGETED_DEVICE_FAMILY = "1,2";
			};
			name = Debug;
		};
		AD02AFA522703F350043BF9A /* Release */ = {
			isa = XCBuildConfiguration;
			buildSettings = {
				ASSETCATALOG_COMPILER_APPICON_NAME = AppIcon;
				CODE_SIGN_STYLE = Automatic;
				DEVELOPMENT_TEAM = KZP9CL2A5P;
				INFOPLIST_FILE = GJAppVersion/Info.plist;
				IPHONEOS_DEPLOYMENT_TARGET = 8.0;
				LD_RUNPATH_SEARCH_PATHS = (
					"$(inherited)",
					"@executable_path/Frameworks",
				);
				PRODUCT_BUNDLE_IDENTIFIER = com.gejiangs.GJAppVersion;
				PRODUCT_NAME = "$(TARGET_NAME)";
				TARGETED_DEVICE_FAMILY = "1,2";
			};
			name = Release;
		};
/* End XCBuildConfiguration section */

/* Begin XCConfigurationList section */
		AD02AF8822703F330043BF9A /* Build configuration list for PBXProject "GJAppVersion" */ = {
			isa = XCConfigurationList;
			buildConfigurations = (
				AD02AFA122703F350043BF9A /* Debug */,
				AD02AFA222703F350043BF9A /* Release */,
			);
			defaultConfigurationIsVisible = 0;
			defaultConfigurationName = Release;
		};
		AD02AFA322703F350043BF9A /* Build configuration list for PBXNativeTarget "GJAppVersion" */ = {
			isa = XCConfigurationList;
			buildConfigurations = (
				AD02AFA422703F350043BF9A /* Debug */,
				AD02AFA522703F350043BF9A /* Release */,
			);
			defaultConfigurationIsVisible = 0;
			defaultConfigurationName = Release;
		};
/* End XCConfigurationList section */
	};
	rootObject = AD02AF8522703F330043BF9A /* Project object */;
}
